
Microsoft Visual Studio Solution File, Format Version 12.00
# Visual Studio Version 17
VisualStudioVersion = 17.5.002.0
MinimumVisualStudioVersion = 10.0.40219.1
Project("{9A19103F-16F7-4668-BE54-9A1E7A4F7556}") = "AVA_Imagen", "AVA_Imagen.csproj", "{DE8D9BB9-B75A-4E30-8362-EA97D34A965A}"
EndProject
Global
	GlobalSection(SolutionConfigurationPlatforms) = preSolution
		Debug|Any CPU = Debug|Any CPU
		Release|Any CPU = Release|Any CPU
	EndGlobalSection
	GlobalSection(ProjectConfigurationPlatforms) = postSolution
		{DE8D9BB9-B75A-4E30-8362-EA97D34A965A}.Debug|Any CPU.ActiveCfg = Debug|Any CPU
		{DE8D9BB9-B75A-4E30-8362-EA97D34A965A}.Debug|Any CPU.Build.0 = Debug|Any CPU
		{DE8D9BB9-B75A-4E30-8362-EA97D34A965A}.Release|Any CPU.ActiveCfg = Release|Any CPU
		{DE8D9BB9-B75A-4E30-8362-EA97D34A965A}.Release|Any CPU.Build.0 = Release|Any CPU
	EndGlobalSection
	GlobalSection(SolutionProperties) = preSolution
		HideSolutionNode = FALSE
	EndGlobalSection
	GlobalSection(ExtensibilityGlobals) = postSolution
		SolutionGuid = {CCDF89B1-B73A-499F-8513-E1FF4031E6AA}
	EndGlobalSection
EndGlobal
